
Microsoft Visual Studio Solution File, Format Version 12.00
Project("{FAE04EC0-301F-11D3-BF4B-00C04F79EFBC}") = "CringeForest", "CringeForest\CringeForest.csproj", "{781084F2-FAC4-44FA-8B46-0FE16E7599AD}"
EndProject
Project("{FAE04EC0-301F-11D3-BF4B-00C04F79EFBC}") = "ConsoleInterface", "ConsoleInterface\ConsoleInterface.csproj", "{3F99AEF9-0447-4EBF-A677-BCD517605AAF}"
EndProject
Global
	GlobalSection(SolutionConfigurationPlatforms) = preSolution
		Debug|Any CPU = Debug|Any CPU
		Release|Any CPU = Release|Any CPU
	EndGlobalSection
	GlobalSection(ProjectConfigurationPlatforms) = postSolution
		{781084F2-FAC4-44FA-8B46-0FE16E7599AD}.Debug|Any CPU.ActiveCfg = Debug|Any CPU
		{781084F2-FAC4-44FA-8B46-0FE16E7599AD}.Debug|Any CPU.Build.0 = Debug|Any CPU
		{781084F2-FAC4-44FA-8B46-0FE16E7599AD}.Release|Any CPU.ActiveCfg = Release|Any CPU
		{781084F2-FAC4-44FA-8B46-0FE16E7599AD}.Release|Any CPU.Build.0 = Release|Any CPU
		{3F99AEF9-0447-4EBF-A677-BCD517605AAF}.Debug|Any CPU.ActiveCfg = Debug|Any CPU
		{3F99AEF9-0447-4EBF-A677-BCD517605AAF}.Debug|Any CPU.Build.0 = Debug|Any CPU
		{3F99AEF9-0447-4EBF-A677-BCD517605AAF}.Release|Any CPU.ActiveCfg = Release|Any CPU
		{3F99AEF9-0447-4EBF-A677-BCD517605AAF}.Release|Any CPU.Build.0 = Release|Any CPU
	EndGlobalSection
EndGlobal
